
Microsoft Visual Studio Solution File, Format Version 12.00
# Visual Studio 14
VisualStudioVersion = 14.0.25420.1
MinimumVisualStudioVersion = 10.0.40219.1
Project("{FAE04EC0-301F-11D3-BF4B-00C04F79EFBC}") = "DataImportTool", "DataImportTool\DataImportTool.csproj", "{0B8BEEC3-495B-4120-9099-2A2AD46E813B}"
EndProject
Project("{FAE04EC0-301F-11D3-BF4B-00C04F79EFBC}") = "EToolKitUI", "EToolKitUI\EToolKitUI.csproj", "{B3667589-D9B1-489E-AB4F-D1EC06A40A9D}"
EndProject
Project("{6141683F-8A12-4E36-9623-2EB02B2C2303}") = "Setup", "Setup\Setup.isproj", "{057BEE67-3DBB-4B9C-B209-105C76AFD261}"
	ProjectSection(ProjectDependencies) = postProject
		{B3667589-D9B1-489E-AB4F-D1EC06A40A9D} = {B3667589-D9B1-489E-AB4F-D1EC06A40A9D}
	EndProjectSection
EndProject
Global
	GlobalSection(SolutionConfigurationPlatforms) = preSolution
		CD_ROM|Any CPU = CD_ROM|Any CPU
		CD_ROM|x86 = CD_ROM|x86
		Debug|Any CPU = Debug|Any CPU
		Debug|x86 = Debug|x86
		DVD-5|Any CPU = DVD-5|Any CPU
		DVD-5|x86 = DVD-5|x86
		Release|Any CPU = Release|Any CPU
		Release|x86 = Release|x86
		SingleImage|Any CPU = SingleImage|Any CPU
		SingleImage|x86 = SingleImage|x86
	EndGlobalSection
	GlobalSection(ProjectConfigurationPlatforms) = postSolution
		{0B8BEEC3-495B-4120-9099-2A2AD46E813B}.CD_ROM|Any CPU.ActiveCfg = Release|Any CPU
		{0B8BEEC3-495B-4120-9099-2A2AD46E813B}.CD_ROM|Any CPU.Build.0 = Release|Any CPU
		{0B8BEEC3-495B-4120-9099-2A2AD46E813B}.CD_ROM|x86.ActiveCfg = Release|Any CPU
		{0B8BEEC3-495B-4120-9099-2A2AD46E813B}.CD_ROM|x86.Build.0 = Release|Any CPU
		{0B8BEEC3-495B-4120-9099-2A2AD46E813B}.Debug|Any CPU.ActiveCfg = Debug|Any CPU
		{0B8BEEC3-495B-4120-9099-2A2AD46E813B}.Debug|Any CPU.Build.0 = Debug|Any CPU
		{0B8BEEC3-495B-4120-9099-2A2AD46E813B}.Debug|x86.ActiveCfg = Debug|Any CPU
		{0B8BEEC3-495B-4120-9099-2A2AD46E813B}.Debug|x86.Build.0 = Debug|Any CPU
		{0B8BEEC3-495B-4120-9099-2A2AD46E813B}.DVD-5|Any CPU.ActiveCfg = Debug|Any CPU
		{0B8BEEC3-495B-4120-9099-2A2AD46E813B}.DVD-5|Any CPU.Build.0 = Debug|Any CPU
		{0B8BEEC3-495B-4120-9099-2A2AD46E813B}.DVD-5|x86.ActiveCfg = Debug|Any CPU
		{0B8BEEC3-495B-4120-9099-2A2AD46E813B}.DVD-5|x86.Build.0 = Debug|Any CPU
		{0B8BEEC3-495B-4120-9099-2A2AD46E813B}.Release|Any CPU.ActiveCfg = Release|Any CPU
		{0B8BEEC3-495B-4120-9099-2A2AD46E813B}.Release|Any CPU.Build.0 = Release|Any CPU
		{0B8BEEC3-495B-4120-9099-2A2AD46E813B}.Release|x86.ActiveCfg = Release|Any CPU
		{0B8BEEC3-495B-4120-9099-2A2AD46E813B}.Release|x86.Build.0 = Release|Any CPU
		{0B8BEEC3-495B-4120-9099-2A2AD46E813B}.SingleImage|Any CPU.ActiveCfg = Release|Any CPU
		{0B8BEEC3-495B-4120-9099-2A2AD46E813B}.SingleImage|Any CPU.Build.0 = Release|Any CPU
		{0B8BEEC3-495B-4120-9099-2A2AD46E813B}.SingleImage|x86.ActiveCfg = Release|Any CPU
		{0B8BEEC3-495B-4120-9099-2A2AD46E813B}.SingleImage|x86.Build.0 = Release|Any CPU
		{B3667589-D9B1-489E-AB4F-D1EC06A40A9D}.CD_ROM|Any CPU.ActiveCfg = Release|x86
		{B3667589-D9B1-489E-AB4F-D1EC06A40A9D}.CD_ROM|Any CPU.Build.0 = Release|x86
		{B3667589-D9B1-489E-AB4F-D1EC06A40A9D}.CD_ROM|x86.ActiveCfg = Release|x86
		{B3667589-D9B1-489E-AB4F-D1EC06A40A9D}.CD_ROM|x86.Build.0 = Release|x86
		{B3667589-D9B1-489E-AB4F-D1EC06A40A9D}.Debug|Any CPU.ActiveCfg = Debug|x86
		{B3667589-D9B1-489E-AB4F-D1EC06A40A9D}.Debug|x86.ActiveCfg = Debug|x86
		{B3667589-D9B1-489E-AB4F-D1EC06A40A9D}.Debug|x86.Build.0 = Debug|x86
		{B3667589-D9B1-489E-AB4F-D1EC06A40A9D}.DVD-5|Any CPU.ActiveCfg = Release|x86
		{B3667589-D9B1-489E-AB4F-D1EC06A40A9D}.DVD-5|Any CPU.Build.0 = Release|x86
		{B3667589-D9B1-489E-AB4F-D1EC06A40A9D}.DVD-5|x86.ActiveCfg = Debug|x86
		{B3667589-D9B1-489E-AB4F-D1EC06A40A9D}.DVD-5|x86.Build.0 = Debug|x86
		{B3667589-D9B1-489E-AB4F-D1EC06A40A9D}.Release|Any CPU.ActiveCfg = Release|x86
		{B3667589-D9B1-489E-AB4F-D1EC06A40A9D}.Release|x86.ActiveCfg = Release|x86
		{B3667589-D9B1-489E-AB4F-D1EC06A40A9D}.Release|x86.Build.0 = Release|x86
		{B3667589-D9B1-489E-AB4F-D1EC06A40A9D}.SingleImage|Any CPU.ActiveCfg = Release|x86
		{B3667589-D9B1-489E-AB4F-D1EC06A40A9D}.SingleImage|Any CPU.Build.0 = Release|x86
		{B3667589-D9B1-489E-AB4F-D1EC06A40A9D}.SingleImage|x86.ActiveCfg = Release|x86
		{B3667589-D9B1-489E-AB4F-D1EC06A40A9D}.SingleImage|x86.Build.0 = Release|x86
		{057BEE67-3DBB-4B9C-B209-105C76AFD261}.CD_ROM|Any CPU.ActiveCfg = CD_ROM
		{057BEE67-3DBB-4B9C-B209-105C76AFD261}.CD_ROM|Any CPU.Build.0 = CD_ROM
		{057BEE67-3DBB-4B9C-B209-105C76AFD261}.CD_ROM|x86.ActiveCfg = CD_ROM
		{057BEE67-3DBB-4B9C-B209-105C76AFD261}.CD_ROM|x86.Build.0 = CD_ROM
		{057BEE67-3DBB-4B9C-B209-105C76AFD261}.Debug|Any CPU.ActiveCfg = DVD-5
		{057BEE67-3DBB-4B9C-B209-105C76AFD261}.Debug|Any CPU.Build.0 = DVD-5
		{057BEE67-3DBB-4B9C-B209-105C76AFD261}.Debug|x86.ActiveCfg = DVD-5
		{057BEE67-3DBB-4B9C-B209-105C76AFD261}.Debug|x86.Build.0 = DVD-5
		{057BEE67-3DBB-4B9C-B209-105C76AFD261}.DVD-5|Any CPU.ActiveCfg = DVD-5
		{057BEE67-3DBB-4B9C-B209-105C76AFD261}.DVD-5|Any CPU.Build.0 = DVD-5
		{057BEE67-3DBB-4B9C-B209-105C76AFD261}.DVD-5|x86.ActiveCfg = DVD-5
		{057BEE67-3DBB-4B9C-B209-105C76AFD261}.DVD-5|x86.Build.0 = DVD-5
		{057BEE67-3DBB-4B9C-B209-105C76AFD261}.Release|Any CPU.ActiveCfg = SingleImage
		{057BEE67-3DBB-4B9C-B209-105C76AFD261}.Release|Any CPU.Build.0 = SingleImage
		{057BEE67-3DBB-4B9C-B209-105C76AFD261}.Release|x86.ActiveCfg = SingleImage
		{057BEE67-3DBB-4B9C-B209-105C76AFD261}.Release|x86.Build.0 = SingleImage
		{057BEE67-3DBB-4B9C-B209-105C76AFD261}.SingleImage|Any CPU.ActiveCfg = SingleImage
		{057BEE67-3DBB-4B9C-B209-105C76AFD261}.SingleImage|Any CPU.Build.0 = SingleImage
		{057BEE67-3DBB-4B9C-B209-105C76AFD261}.SingleImage|x86.ActiveCfg = SingleImage
		{057BEE67-3DBB-4B9C-B209-105C76AFD261}.SingleImage|x86.Build.0 = SingleImage
	EndGlobalSection
	GlobalSection(SolutionProperties) = preSolution
		HideSolutionNode = FALSE
	EndGlobalSection
EndGlobal
